
Microsoft Visual Studio Solution File, Format Version 12.00
# Visual Studio Version 17
VisualStudioVersion = 17.8.34601.278
MinimumVisualStudioVersion = 10.0.40219.1
Project("{FAE04EC0-301F-11D3-BF4B-00C04F79EFBC}") = "BAB_03", "BAB_03\BAB_03.csproj", "{A84629AB-C09C-431D-9AA0-60AB3629B43D}"
EndProject
Project("{FAE04EC0-301F-11D3-BF4B-00C04F79EFBC}") = "BAB_04", "BAB_04\BAB_04.csproj", "{D85E3FF2-E356-4998-B2AB-7E6395C656B0}"
EndProject
Project("{FAE04EC0-301F-11D3-BF4B-00C04F79EFBC}") = "BAB_05", "BAB_05\BAB_05.csproj", "{640E9B1A-277F-495A-AFB5-B703711793D8}"
EndProject
Project("{FAE04EC0-301F-11D3-BF4B-00C04F79EFBC}") = "BAB_06", "BAB_06\BAB_06.csproj", "{9170FBC8-1241-46DA-9995-DD47536E6A04}"
EndProject
Project("{FAE04EC0-301F-11D3-BF4B-00C04F79EFBC}") = "BAB_07", "BAB_07\BAB_07.csproj", "{EDD310E5-4125-4CD7-9095-AB073E2961C7}"
EndProject
Project("{FAE04EC0-301F-11D3-BF4B-00C04F79EFBC}") = "BAB_08", "BAB_08\BAB_08.csproj", "{D66AEF0B-72DE-4D02-9AAD-72B79C58013F}"
EndProject
Global
	GlobalSection(SolutionConfigurationPlatforms) = preSolution
		Debug|Any CPU = Debug|Any CPU
		Release|Any CPU = Release|Any CPU
	EndGlobalSection
	GlobalSection(ProjectConfigurationPlatforms) = postSolution
		{A84629AB-C09C-431D-9AA0-60AB3629B43D}.Debug|Any CPU.ActiveCfg = Debug|Any CPU
		{A84629AB-C09C-431D-9AA0-60AB3629B43D}.Debug|Any CPU.Build.0 = Debug|Any CPU
		{A84629AB-C09C-431D-9AA0-60AB3629B43D}.Release|Any CPU.ActiveCfg = Release|Any CPU
		{A84629AB-C09C-431D-9AA0-60AB3629B43D}.Release|Any CPU.Build.0 = Release|Any CPU
		{D85E3FF2-E356-4998-B2AB-7E6395C656B0}.Debug|Any CPU.ActiveCfg = Debug|Any CPU
		{D85E3FF2-E356-4998-B2AB-7E6395C656B0}.Debug|Any CPU.Build.0 = Debug|Any CPU
		{D85E3FF2-E356-4998-B2AB-7E6395C656B0}.Release|Any CPU.ActiveCfg = Release|Any CPU
		{D85E3FF2-E356-4998-B2AB-7E6395C656B0}.Release|Any CPU.Build.0 = Release|Any CPU
		{640E9B1A-277F-495A-AFB5-B703711793D8}.Debug|Any CPU.ActiveCfg = Debug|Any CPU
		{640E9B1A-277F-495A-AFB5-B703711793D8}.Debug|Any CPU.Build.0 = Debug|Any CPU
		{640E9B1A-277F-495A-AFB5-B703711793D8}.Release|Any CPU.ActiveCfg = Release|Any CPU
		{640E9B1A-277F-495A-AFB5-B703711793D8}.Release|Any CPU.Build.0 = Release|Any CPU
		{9170FBC8-1241-46DA-9995-DD47536E6A04}.Debug|Any CPU.ActiveCfg = Debug|Any CPU
		{9170FBC8-1241-46DA-9995-DD47536E6A04}.Debug|Any CPU.Build.0 = Debug|Any CPU
		{9170FBC8-1241-46DA-9995-DD47536E6A04}.Release|Any CPU.ActiveCfg = Release|Any CPU
		{9170FBC8-1241-46DA-9995-DD47536E6A04}.Release|Any CPU.Build.0 = Release|Any CPU
		{EDD310E5-4125-4CD7-9095-AB073E2961C7}.Debug|Any CPU.ActiveCfg = Debug|Any CPU
		{EDD310E5-4125-4CD7-9095-AB073E2961C7}.Debug|Any CPU.Build.0 = Debug|Any CPU
		{EDD310E5-4125-4CD7-9095-AB073E2961C7}.Release|Any CPU.ActiveCfg = Release|Any CPU
		{EDD310E5-4125-4CD7-9095-AB073E2961C7}.Release|Any CPU.Build.0 = Release|Any CPU
		{D66AEF0B-72DE-4D02-9AAD-72B79C58013F}.Debug|Any CPU.ActiveCfg = Debug|Any CPU
		{D66AEF0B-72DE-4D02-9AAD-72B79C58013F}.Debug|Any CPU.Build.0 = Debug|Any CPU
		{D66AEF0B-72DE-4D02-9AAD-72B79C58013F}.Release|Any CPU.ActiveCfg = Release|Any CPU
		{D66AEF0B-72DE-4D02-9AAD-72B79C58013F}.Release|Any CPU.Build.0 = Release|Any CPU
	EndGlobalSection
	GlobalSection(SolutionProperties) = preSolution
		HideSolutionNode = FALSE
	EndGlobalSection
	GlobalSection(ExtensibilityGlobals) = postSolution
		SolutionGuid = {EE39AE52-BA09-47FE-9B06-2CA4AA158435}
	EndGlobalSection
EndGlobal
